// !$*UTF8*$!
{
	archiveVersion = 1;
	classes = {
	};
	objectVersion = 56;
	objects = {

/* Begin PBXBuildFile section */
		E7AE9A262D1614080015523D /* VertexShaders.metal in Resources */ = {isa = PBXBuildFile; fileRef = E7FFD8102CFE50D40051D5D6 /* VertexShaders.metal */; };
		E7AE9A272D1614080015523D /* BasicShader.metal in Resources */ = {isa = PBXBuildFile; fileRef = E7FFD7F82CFE50C20051D5D6 /* BasicShader.metal */; };
		E7AE9A282D1614080015523D /* BlurShader.metal in Resources */ = {isa = PBXBuildFile; fileRef = E7FFD7F92CFE50C20051D5D6 /* BlurShader.metal */; };
		E7AE9A292D1614080015523D /* DefaultShader.metal in Resources */ = {isa = PBXBuildFile; fileRef = E7FFD7FA2CFE50C20051D5D6 /* DefaultShader.metal */; };
		E7AE9A2A2D1614080015523D /* EchoShader.metal in Resources */ = {isa = PBXBuildFile; fileRef = E7FFD7FB2CFE50C20051D5D6 /* EchoShader.metal */; };
		E7AE9A2C2D1614080015523D /* FishEyeShader.metal in Resources */ = {isa = PBXBuildFile; fileRef = E7FFD7FD2CFE50C20051D5D6 /* FishEyeShader.metal */; };
		E7AE9A2D2D1614080015523D /* LensFlareShader.metal in Resources */ = {isa = PBXBuildFile; fileRef = E7FFD7FF2CFE50C20051D5D6 /* LensFlareShader.metal */; };
		E7AE9A2E2D1614080015523D /* OilPaintingShader.metal in Resources */ = {isa = PBXBuildFile; fileRef = E7FFD8002CFE50C20051D5D6 /* OilPaintingShader.metal */; };
		E7AE9A2F2D1614080015523D /* PixelationShader.metal in Resources */ = {isa = PBXBuildFile; fileRef = E7FFD8022CFE50C20051D5D6 /* PixelationShader.metal */; };
		E7AE9A302D1614080015523D /* OSCShader.metal in Resources */ = {isa = PBXBuildFile; fileRef = E7F291352D0C5E3D00D9FBF2 /* OSCShader.metal */; };
		E7AE9A332D1619E60015523D /* CoreAudio.framework in Frameworks */ = {isa = PBXBuildFile; fileRef = E7AE9A322D1619E60015523D /* CoreAudio.framework */; };
		E7AE9A352D161A210015523D /* Triangulation.mm in Sources */ = {isa = PBXBuildFile; fileRef = E7AE9A312D16193E0015523D /* Triangulation.mm */; };
		E7AE9A372D161F7B0015523D /* Matrix.mm in Sources */ = {isa = PBXBuildFile; fileRef = E7AE9A362D161F7B0015523D /* Matrix.mm */; };
		E7AE9A382D161F9C0015523D /* Matrix.mm in Sources */ = {isa = PBXBuildFile; fileRef = E7AE9A362D161F7B0015523D /* Matrix.mm */; };
		E7AE9A3D2D1622B70015523D /* ParameterManager.mm in Sources */ = {isa = PBXBuildFile; fileRef = E7AE9A3C2D1622B70015523D /* ParameterManager.mm */; };
		E7AE9A3E2D1622C90015523D /* ParameterManager.mm in Sources */ = {isa = PBXBuildFile; fileRef = E7AE9A3C2D1622B70015523D /* ParameterManager.mm */; };
		E7AE9A432D163C690015523D /* OSC.mm in Sources */ = {isa = PBXBuildFile; fileRef = E7AE9A402D163BBC0015523D /* OSC.mm */; };
		E7F291372D0C5E3D00D9FBF2 /* OSCShader.metal in Sources */ = {isa = PBXBuildFile; fileRef = E7F291352D0C5E3D00D9FBF2 /* OSCShader.metal */; };
		E7FFD7A12CFE4EFE0051D5D6 /* Cocoa.framework in Frameworks */ = {isa = PBXBuildFile; fileRef = E7FFD7A02CFE4EFE0051D5D6 /* Cocoa.framework */; };
		E7FFD7A92CFE4EFE0051D5D6 /* FxDiplomaThesis XPC Service.pluginkit in Embed PlugIns */ = {isa = PBXBuildFile; fileRef = E7FFD7A82CFE4EFE0051D5D6 /* FxDiplomaThesis XPC Service.pluginkit */; settings = {ATTRIBUTES = (CodeSignOnCopy, RemoveHeadersOnCopy, ); }; };
		E7FFD7AD2CFE4EFE0051D5D6 /* Foundation.framework in Frameworks */ = {isa = PBXBuildFile; fileRef = E7FFD7AC2CFE4EFE0051D5D6 /* Foundation.framework */; };
		E7FFD7AF2CFE4EFE0051D5D6 /* AppKit.framework in Frameworks */ = {isa = PBXBuildFile; fileRef = E7FFD7AE2CFE4EFE0051D5D6 /* AppKit.framework */; };
		E7FFD7B12CFE4EFE0051D5D6 /* Accelerate.framework in Frameworks */ = {isa = PBXBuildFile; fileRef = E7FFD7B02CFE4EFE0051D5D6 /* Accelerate.framework */; };
		E7FFD7B32CFE4EFE0051D5D6 /* PluginManager.framework in Frameworks */ = {isa = PBXBuildFile; fileRef = E7FFD7B22CFE4EFE0051D5D6 /* PluginManager.framework */; };
		E7FFD7B52CFE4EFE0051D5D6 /* FxPlug.framework in Frameworks */ = {isa = PBXBuildFile; fileRef = E7FFD7B42CFE4EFE0051D5D6 /* FxPlug.framework */; };
		E7FFD7BC2CFE4EFE0051D5D6 /* AppDelegate.m in Sources */ = {isa = PBXBuildFile; fileRef = E7FFD7BB2CFE4EFE0051D5D6 /* AppDelegate.m */; };
		E7FFD7C02CFE4EFE0051D5D6 /* main.m in Sources */ = {isa = PBXBuildFile; fileRef = E7FFD7BF2CFE4EFE0051D5D6 /* main.m */; };
		E7FFD7C22CFE4EFE0051D5D6 /* FxDiplomaThesisPlugIn.m in Sources */ = {isa = PBXBuildFile; fileRef = E7FFD7C12CFE4EFE0051D5D6 /* FxDiplomaThesisPlugIn.m */; };
		E7FFD7C72CFE4EFE0051D5D6 /* en in Resources */ = {isa = PBXBuildFile; fileRef = E7FFD7C62CFE4EFE0051D5D6 /* en */; };
		E7FFD7CC2CFE4EFE0051D5D6 /* Base in Resources */ = {isa = PBXBuildFile; fileRef = E7FFD7CB2CFE4EFE0051D5D6 /* Base */; };
		E7FFD7CF2CFE4EFE0051D5D6 /* en in Resources */ = {isa = PBXBuildFile; fileRef = E7FFD7CE2CFE4EFE0051D5D6 /* en */; };
		E7FFD7D52CFE4EFE0051D5D6 /* main.m in Sources */ = {isa = PBXBuildFile; fileRef = E7FFD7D42CFE4EFE0051D5D6 /* main.m */; };
		E7FFD7D92CFE4EFE0051D5D6 /* en in Resources */ = {isa = PBXBuildFile; fileRef = E7FFD7D82CFE4EFE0051D5D6 /* en */; };
		E7FFD7DC2CFE4EFE0051D5D6 /* en in Resources */ = {isa = PBXBuildFile; fileRef = E7FFD7DB2CFE4EFE0051D5D6 /* en */; };
		E7FFD8272CFE52480051D5D6 /* VertexShaders.metal in Sources */ = {isa = PBXBuildFile; fileRef = E7FFD8102CFE50D40051D5D6 /* VertexShaders.metal */; };
		E7FFD8282CFE52480051D5D6 /* BasicShader.metal in Sources */ = {isa = PBXBuildFile; fileRef = E7FFD7F82CFE50C20051D5D6 /* BasicShader.metal */; };
		E7FFD8292CFE52480051D5D6 /* BlurShader.metal in Sources */ = {isa = PBXBuildFile; fileRef = E7FFD7F92CFE50C20051D5D6 /* BlurShader.metal */; };
		E7FFD82A2CFE52480051D5D6 /* DefaultShader.metal in Sources */ = {isa = PBXBuildFile; fileRef = E7FFD7FA2CFE50C20051D5D6 /* DefaultShader.metal */; };
		E7FFD82B2CFE52480051D5D6 /* EchoShader.metal in Sources */ = {isa = PBXBuildFile; fileRef = E7FFD7FB2CFE50C20051D5D6 /* EchoShader.metal */; };
		E7FFD82D2CFE52480051D5D6 /* FishEyeShader.metal in Sources */ = {isa = PBXBuildFile; fileRef = E7FFD7FD2CFE50C20051D5D6 /* FishEyeShader.metal */; };
		E7FFD82F2CFE52480051D5D6 /* LensFlareShader.metal in Sources */ = {isa = PBXBuildFile; fileRef = E7FFD7FF2CFE50C20051D5D6 /* LensFlareShader.metal */; };
		E7FFD8302CFE52480051D5D6 /* OilPaintingShader.metal in Sources */ = {isa = PBXBuildFile; fileRef = E7FFD8002CFE50C20051D5D6 /* OilPaintingShader.metal */; };
		E7FFD8322CFE52480051D5D6 /* PixelationShader.metal in Sources */ = {isa = PBXBuildFile; fileRef = E7FFD8022CFE50C20051D5D6 /* PixelationShader.metal */; };
		E7FFD8332CFE524F0051D5D6 /* MetalDeviceCache.mm in Sources */ = {isa = PBXBuildFile; fileRef = E7FFD8132CFE50F10051D5D6 /* MetalDeviceCache.mm */; };
/* End PBXBuildFile section */

/* Begin PBXContainerItemProxy section */
		E7FFD7AA2CFE4EFE0051D5D6 /* PBXContainerItemProxy */ = {
			isa = PBXContainerItemProxy;
			containerPortal = E7FFD7952CFE4EFE0051D5D6 /* Project object */;
			proxyType = 1;
			remoteGlobalIDString = E7FFD7A72CFE4EFE0051D5D6;
			remoteInfo = "XPC Service";
		};
		E7FFD7B62CFE4EFE0051D5D6 /* PBXContainerItemProxy */ = {
			isa = PBXContainerItemProxy;
			containerPortal = E7FFD7952CFE4EFE0051D5D6 /* Project object */;
			proxyType = 1;
			remoteGlobalIDString = E7FFD7A72CFE4EFE0051D5D6;
			remoteInfo = "XPC Service";
		};
/* End PBXContainerItemProxy section */

/* Begin PBXCopyFilesBuildPhase section */
		E7FFD7E22CFE4EFE0051D5D6 /* Embed PlugIns */ = {
			isa = PBXCopyFilesBuildPhase;
			buildActionMask = 2147483647;
			dstPath = "";
			dstSubfolderSpec = 13;
			files = (
				E7FFD7A92CFE4EFE0051D5D6 /* FxDiplomaThesis XPC Service.pluginkit in Embed PlugIns */,
			);
			name = "Embed PlugIns";
			runOnlyForDeploymentPostprocessing = 0;
		};
/* End PBXCopyFilesBuildPhase section */

/* Begin PBXFileReference section */
		E7AE99842D0F22F80015523D /* OSC.h */ = {isa = PBXFileReference; explicitFileType = sourcecode.cpp.h; path = OSC.h; sourceTree = "<group>"; };
		E7AE99872D12F87C0015523D /* Triangulation.h */ = {isa = PBXFileReference; explicitFileType = sourcecode.cpp.h; path = Triangulation.h; sourceTree = "<group>"; };
		E7AE9A312D16193E0015523D /* Triangulation.mm */ = {isa = PBXFileReference; lastKnownFileType = sourcecode.cpp.objcpp; path = Triangulation.mm; sourceTree = "<group>"; };
		E7AE9A322D1619E60015523D /* CoreAudio.framework */ = {isa = PBXFileReference; lastKnownFileType = wrapper.framework; name = CoreAudio.framework; path = System/Library/Frameworks/CoreAudio.framework; sourceTree = SDKROOT; };
		E7AE9A362D161F7B0015523D /* Matrix.mm */ = {isa = PBXFileReference; lastKnownFileType = sourcecode.cpp.objcpp; path = Matrix.mm; sourceTree = "<group>"; };
		E7AE9A3C2D1622B70015523D /* ParameterManager.mm */ = {isa = PBXFileReference; lastKnownFileType = sourcecode.cpp.objcpp; path = ParameterManager.mm; sourceTree = "<group>"; };
		E7AE9A402D163BBC0015523D /* OSC.mm */ = {isa = PBXFileReference; lastKnownFileType = sourcecode.cpp.objcpp; path = OSC.mm; sourceTree = "<group>"; };
		E7F291352D0C5E3D00D9FBF2 /* OSCShader.metal */ = {isa = PBXFileReference; lastKnownFileType = sourcecode.metal; path = OSCShader.metal; sourceTree = "<group>"; };
		E7FFD79D2CFE4EFE0051D5D6 /* FxDiplomaThesis.app */ = {isa = PBXFileReference; explicitFileType = wrapper.application; includeInIndex = 0; path = FxDiplomaThesis.app; sourceTree = BUILT_PRODUCTS_DIR; };
		E7FFD7A02CFE4EFE0051D5D6 /* Cocoa.framework */ = {isa = PBXFileReference; lastKnownFileType = wrapper.framework; name = Cocoa.framework; path = System/Library/Frameworks/Cocoa.framework; sourceTree = SDKROOT; };
		E7FFD7A82CFE4EFE0051D5D6 /* FxDiplomaThesis XPC Service.pluginkit */ = {isa = PBXFileReference; explicitFileType = wrapper.cfbundle; includeInIndex = 0; path = "FxDiplomaThesis XPC Service.pluginkit"; sourceTree = BUILT_PRODUCTS_DIR; };
		E7FFD7AC2CFE4EFE0051D5D6 /* Foundation.framework */ = {isa = PBXFileReference; lastKnownFileType = wrapper.framework; name = Foundation.framework; path = System/Library/Frameworks/Foundation.framework; sourceTree = SDKROOT; };
		E7FFD7AE2CFE4EFE0051D5D6 /* AppKit.framework */ = {isa = PBXFileReference; lastKnownFileType = wrapper.framework; name = AppKit.framework; path = System/Library/Frameworks/AppKit.framework; sourceTree = SDKROOT; };
		E7FFD7B02CFE4EFE0051D5D6 /* Accelerate.framework */ = {isa = PBXFileReference; lastKnownFileType = wrapper.framework; name = Accelerate.framework; path = System/Library/Frameworks/Accelerate.framework; sourceTree = SDKROOT; };
		E7FFD7B22CFE4EFE0051D5D6 /* PluginManager.framework */ = {isa = PBXFileReference; lastKnownFileType = wrapper.framework; name = PluginManager.framework; path = Library/Frameworks/../../../../../../Library/Developer/Frameworks/PluginManager.framework; sourceTree = DEVELOPER_DIR; };
		E7FFD7B42CFE4EFE0051D5D6 /* FxPlug.framework */ = {isa = PBXFileReference; lastKnownFileType = wrapper.framework; name = FxPlug.framework; path = Library/Frameworks/../../../../../../Library/Developer/Frameworks/FxPlug.framework; sourceTree = DEVELOPER_DIR; };
		E7FFD7BA2CFE4EFE0051D5D6 /* AppDelegate.h */ = {isa = PBXFileReference; lastKnownFileType = sourcecode.c.h; path = AppDelegate.h; sourceTree = "<group>"; };
		E7FFD7BB2CFE4EFE0051D5D6 /* AppDelegate.m */ = {isa = PBXFileReference; lastKnownFileType = sourcecode.c.objc; path = AppDelegate.m; sourceTree = "<group>"; };
		E7FFD7BE2CFE4EFE0051D5D6 /* FxDiplomaThesisPlugIn.h */ = {isa = PBXFileReference; explicitFileType = sourcecode.cpp.h; path = FxDiplomaThesisPlugIn.h; sourceTree = "<group>"; };
		E7FFD7BF2CFE4EFE0051D5D6 /* main.m */ = {isa = PBXFileReference; lastKnownFileType = sourcecode.c.objc; path = main.m; sourceTree = "<group>"; };
		E7FFD7C12CFE4EFE0051D5D6 /* FxDiplomaThesisPlugIn.m */ = {isa = PBXFileReference; explicitFileType = sourcecode.cpp.objcpp; path = FxDiplomaThesisPlugIn.m; sourceTree = "<group>"; };
		E7FFD7C32CFE4EFE0051D5D6 /* Info.plist */ = {isa = PBXFileReference; lastKnownFileType = text.plist.xml; path = Info.plist; sourceTree = "<group>"; };
		E7FFD7C62CFE4EFE0051D5D6 /* en */ = {isa = PBXFileReference; lastKnownFileType = text.plist.strings; name = en; path = en.lproj/InfoPlist.strings; sourceTree = "<group>"; };
		E7FFD7CB2CFE4EFE0051D5D6 /* Base */ = {isa = PBXFileReference; lastKnownFileType = file.xib; name = Base; path = Base.lproj/MainMenu.xib; sourceTree = "<group>"; };
		E7FFD7CE2CFE4EFE0051D5D6 /* en */ = {isa = PBXFileReference; lastKnownFileType = text.rtf; name = en; path = en.lproj/Credits.rtf; sourceTree = "<group>"; };
		E7FFD7D22CFE4EFE0051D5D6 /* SandboxEntitlements.entitlements */ = {isa = PBXFileReference; lastKnownFileType = text.plist.entitlements; path = SandboxEntitlements.entitlements; sourceTree = "<group>"; };
		E7FFD7D42CFE4EFE0051D5D6 /* main.m */ = {isa = PBXFileReference; lastKnownFileType = sourcecode.c.objc; path = main.m; sourceTree = "<group>"; };
		E7FFD7D62CFE4EFE0051D5D6 /* Info.plist */ = {isa = PBXFileReference; lastKnownFileType = text.plist.xml; path = Info.plist; sourceTree = "<group>"; };
		E7FFD7D82CFE4EFE0051D5D6 /* en */ = {isa = PBXFileReference; lastKnownFileType = text.plist.strings; name = en; path = en.lproj/InfoPlist.strings; sourceTree = "<group>"; };
		E7FFD7DB2CFE4EFE0051D5D6 /* en */ = {isa = PBXFileReference; lastKnownFileType = text.plist.strings; name = en; path = en.lproj/Localizable.strings; sourceTree = "<group>"; };
		E7FFD7ED2CFE50620051D5D6 /* Renderer.h */ = {isa = PBXFileReference; explicitFileType = sourcecode.cpp.h; fileEncoding = 4; path = Renderer.h; sourceTree = "<group>"; };
		E7FFD7EF2CFE506B0051D5D6 /* ParameterManager.h */ = {isa = PBXFileReference; explicitFileType = sourcecode.cpp.h; fileEncoding = 4; path = ParameterManager.h; sourceTree = "<group>"; };
		E7FFD7F42CFE50A20051D5D6 /* Matrix.h */ = {isa = PBXFileReference; explicitFileType = sourcecode.cpp.h; fileEncoding = 4; path = Matrix.h; sourceTree = "<group>"; };
		E7FFD7F52CFE50A20051D5D6 /* MatrixCache.h */ = {isa = PBXFileReference; explicitFileType = sourcecode.cpp.h; fileEncoding = 4; path = MatrixCache.h; sourceTree = "<group>"; };
		E7FFD7F72CFE50BA0051D5D6 /* ShaderTypes.h */ = {isa = PBXFileReference; lastKnownFileType = sourcecode.c.h; path = ShaderTypes.h; sourceTree = "<group>"; };
		E7FFD7F82CFE50C20051D5D6 /* BasicShader.metal */ = {isa = PBXFileReference; fileEncoding = 4; lastKnownFileType = sourcecode.metal; path = BasicShader.metal; sourceTree = "<group>"; };
		E7FFD7F92CFE50C20051D5D6 /* BlurShader.metal */ = {isa = PBXFileReference; fileEncoding = 4; lastKnownFileType = sourcecode.metal; path = BlurShader.metal; sourceTree = "<group>"; };
		E7FFD7FA2CFE50C20051D5D6 /* DefaultShader.metal */ = {isa = PBXFileReference; fileEncoding = 4; lastKnownFileType = sourcecode.metal; path = DefaultShader.metal; sourceTree = "<group>"; };
		E7FFD7FB2CFE50C20051D5D6 /* EchoShader.metal */ = {isa = PBXFileReference; fileEncoding = 4; lastKnownFileType = sourcecode.metal; path = EchoShader.metal; sourceTree = "<group>"; };
		E7FFD7FD2CFE50C20051D5D6 /* FishEyeShader.metal */ = {isa = PBXFileReference; fileEncoding = 4; lastKnownFileType = sourcecode.metal; path = FishEyeShader.metal; sourceTree = "<group>"; };
		E7FFD7FF2CFE50C20051D5D6 /* LensFlareShader.metal */ = {isa = PBXFileReference; fileEncoding = 4; lastKnownFileType = sourcecode.metal; path = LensFlareShader.metal; sourceTree = "<group>"; };
		E7FFD8002CFE50C20051D5D6 /* OilPaintingShader.metal */ = {isa = PBXFileReference; fileEncoding = 4; lastKnownFileType = sourcecode.metal; path = OilPaintingShader.metal; sourceTree = "<group>"; };
		E7FFD8022CFE50C20051D5D6 /* PixelationShader.metal */ = {isa = PBXFileReference; fileEncoding = 4; lastKnownFileType = sourcecode.metal; path = PixelationShader.metal; sourceTree = "<group>"; };
		E7FFD8102CFE50D40051D5D6 /* VertexShaders.metal */ = {isa = PBXFileReference; fileEncoding = 4; lastKnownFileType = sourcecode.metal; path = VertexShaders.metal; sourceTree = "<group>"; };
		E7FFD8122CFE50F10051D5D6 /* MetalDeviceCache.h */ = {isa = PBXFileReference; explicitFileType = sourcecode.cpp.h; fileEncoding = 4; path = MetalDeviceCache.h; sourceTree = "<group>"; };
		E7FFD8132CFE50F10051D5D6 /* MetalDeviceCache.mm */ = {isa = PBXFileReference; fileEncoding = 4; lastKnownFileType = sourcecode.cpp.objcpp; path = MetalDeviceCache.mm; sourceTree = "<group>"; };
		E7FFD8142CFE50F10051D5D6 /* PipelineTypes.h */ = {isa = PBXFileReference; explicitFileType = sourcecode.cpp.h; fileEncoding = 4; path = PipelineTypes.h; sourceTree = "<group>"; };
		E7FFD8182CFE51740051D5D6 /* ParameterFlags.h */ = {isa = PBXFileReference; explicitFileType = sourcecode.cpp.h; path = ParameterFlags.h; sourceTree = "<group>"; };
		E7FFD8192CFE51740051D5D6 /* PluginState.h */ = {isa = PBXFileReference; explicitFileType = sourcecode.cpp.h; path = PluginState.h; sourceTree = "<group>"; };
		E7FFD81A2CFE51740051D5D6 /* EffectTypes.h */ = {isa = PBXFileReference; explicitFileType = sourcecode.cpp.h; path = EffectTypes.h; sourceTree = "<group>"; };
		E7FFD8342CFE535F0051D5D6 /* RasterizerData.h */ = {isa = PBXFileReference; lastKnownFileType = sourcecode.c.h; path = RasterizerData.h; sourceTree = "<group>"; };
/* End PBXFileReference section */

/* Begin PBXFrameworksBuildPhase section */
		E7FFD79A2CFE4EFE0051D5D6 /* Frameworks */ = {
			isa = PBXFrameworksBuildPhase;
			buildActionMask = 2147483647;
			files = (
				E7AE9A332D1619E60015523D /* CoreAudio.framework in Frameworks */,
				E7FFD7A12CFE4EFE0051D5D6 /* Cocoa.framework in Frameworks */,
			);
			runOnlyForDeploymentPostprocessing = 0;
		};
		E7FFD7A32CFE4EFE0051D5D6 /* Frameworks */ = {
			isa = PBXFrameworksBuildPhase;
			buildActionMask = 2147483647;
			files = (
				E7FFD7B12CFE4EFE0051D5D6 /* Accelerate.framework in Frameworks */,
				E7FFD7B32CFE4EFE0051D5D6 /* PluginManager.framework in Frameworks */,
				E7FFD7AD2CFE4EFE0051D5D6 /* Foundation.framework in Frameworks */,
				E7FFD7AF2CFE4EFE0051D5D6 /* AppKit.framework in Frameworks */,
				E7FFD7B52CFE4EFE0051D5D6 /* FxPlug.framework in Frameworks */,
			);
			runOnlyForDeploymentPostprocessing = 0;
		};
/* End PBXFrameworksBuildPhase section */

/* Begin PBXGroup section */
		E7AE9A182D1612E30015523D /* Shaders */ = {
			isa = PBXGroup;
			children = (
				E7FFD8102CFE50D40051D5D6 /* VertexShaders.metal */,
				E7FFD7F82CFE50C20051D5D6 /* BasicShader.metal */,
				E7FFD7F92CFE50C20051D5D6 /* BlurShader.metal */,
				E7FFD7FA2CFE50C20051D5D6 /* DefaultShader.metal */,
				E7FFD7FB2CFE50C20051D5D6 /* EchoShader.metal */,
				E7FFD7FD2CFE50C20051D5D6 /* FishEyeShader.metal */,
				E7FFD7FF2CFE50C20051D5D6 /* LensFlareShader.metal */,
				E7FFD8002CFE50C20051D5D6 /* OilPaintingShader.metal */,
				E7FFD8022CFE50C20051D5D6 /* PixelationShader.metal */,
				E7F291352D0C5E3D00D9FBF2 /* OSCShader.metal */,
				E7FFD8342CFE535F0051D5D6 /* RasterizerData.h */,
				E7FFD7F72CFE50BA0051D5D6 /* ShaderTypes.h */,
			);
			path = Shaders;
			sourceTree = "<group>";
		};
		E7AE9A3F2D163B9A0015523D /* OSC */ = {
			isa = PBXGroup;
			children = (
				E7AE99842D0F22F80015523D /* OSC.h */,
				E7AE9A402D163BBC0015523D /* OSC.mm */,
			);
			path = OSC;
			sourceTree = "<group>";
		};
		E7FFD7942CFE4EFE0051D5D6 = {
			isa = PBXGroup;
			children = (
				E7FFD7B82CFE4EFE0051D5D6 /* FxDiplomaThesis */,
				E7FFD79F2CFE4EFE0051D5D6 /* Frameworks */,
				E7FFD79E2CFE4EFE0051D5D6 /* Products */,
			);
			sourceTree = "<group>";
		};
		E7FFD79E2CFE4EFE0051D5D6 /* Products */ = {
			isa = PBXGroup;
			children = (
				E7FFD79D2CFE4EFE0051D5D6 /* FxDiplomaThesis.app */,
				E7FFD7A82CFE4EFE0051D5D6 /* FxDiplomaThesis XPC Service.pluginkit */,
			);
			name = Products;
			sourceTree = "<group>";
		};
		E7FFD79F2CFE4EFE0051D5D6 /* Frameworks */ = {
			isa = PBXGroup;
			children = (
				E7AE9A322D1619E60015523D /* CoreAudio.framework */,
				E7FFD7A02CFE4EFE0051D5D6 /* Cocoa.framework */,
				E7FFD7AC2CFE4EFE0051D5D6 /* Foundation.framework */,
				E7FFD7AE2CFE4EFE0051D5D6 /* AppKit.framework */,
				E7FFD7B02CFE4EFE0051D5D6 /* Accelerate.framework */,
				E7FFD7B22CFE4EFE0051D5D6 /* PluginManager.framework */,
				E7FFD7B42CFE4EFE0051D5D6 /* FxPlug.framework */,
			);
			name = Frameworks;
			sourceTree = "<group>";
		};
		E7FFD7B82CFE4EFE0051D5D6 /* FxDiplomaThesis */ = {
			isa = PBXGroup;
			children = (
				E7FFD7B92CFE4EFE0051D5D6 /* Wrapper Application */,
				E7FFD7BD2CFE4EFE0051D5D6 /* Plugin */,
			);
			path = FxDiplomaThesis;
			sourceTree = "<group>";
		};
		E7FFD7B92CFE4EFE0051D5D6 /* Wrapper Application */ = {
			isa = PBXGroup;
			children = (
				E7FFD7BA2CFE4EFE0051D5D6 /* AppDelegate.h */,
				E7FFD7BB2CFE4EFE0051D5D6 /* AppDelegate.m */,
				E7FFD7BF2CFE4EFE0051D5D6 /* main.m */,
				E7FFD7C32CFE4EFE0051D5D6 /* Info.plist */,
				E7FFD7C52CFE4EFE0051D5D6 /* InfoPlist.strings */,
				E7FFD7CA2CFE4EFE0051D5D6 /* MainMenu.xib */,
				E7FFD7CD2CFE4EFE0051D5D6 /* Credits.rtf */,
				E7FFD7D22CFE4EFE0051D5D6 /* SandboxEntitlements.entitlements */,
			);
			path = "Wrapper Application";
			sourceTree = "<group>";
		};
		E7FFD7BD2CFE4EFE0051D5D6 /* Plugin */ = {
			isa = PBXGroup;
			children = (
				E7AE9A3F2D163B9A0015523D /* OSC */,
				E7FFD8152CFE50F10051D5D6 /* Device */,
				E7FFD7F62CFE50A20051D5D6 /* Calculations */,
				E7FFD7F02CFE506B0051D5D6 /* ParameterManager */,
				E7FFD7EE2CFE50620051D5D6 /* Renderer */,
				E7AE9A182D1612E30015523D /* Shaders */,
				E7FFD7BE2CFE4EFE0051D5D6 /* FxDiplomaThesisPlugIn.h */,
				E7FFD7C12CFE4EFE0051D5D6 /* FxDiplomaThesisPlugIn.m */,
				E7FFD81A2CFE51740051D5D6 /* EffectTypes.h */,
				E7FFD8182CFE51740051D5D6 /* ParameterFlags.h */,
				E7FFD8192CFE51740051D5D6 /* PluginState.h */,
				E7FFD7D42CFE4EFE0051D5D6 /* main.m */,
				E7FFD7D62CFE4EFE0051D5D6 /* Info.plist */,
				E7FFD7D72CFE4EFE0051D5D6 /* InfoPlist.strings */,
				E7FFD7DA2CFE4EFE0051D5D6 /* Localizable.strings */,
			);
			path = Plugin;
			sourceTree = "<group>";
		};
		E7FFD7EE2CFE50620051D5D6 /* Renderer */ = {
			isa = PBXGroup;
			children = (
				E7FFD7ED2CFE50620051D5D6 /* Renderer.h */,
			);
			path = Renderer;
			sourceTree = "<group>";
		};
		E7FFD7F02CFE506B0051D5D6 /* ParameterManager */ = {
			isa = PBXGroup;
			children = (
				E7FFD7EF2CFE506B0051D5D6 /* ParameterManager.h */,
				E7AE9A3C2D1622B70015523D /* ParameterManager.mm */,
			);
			path = ParameterManager;
			sourceTree = "<group>";
		};
		E7FFD7F62CFE50A20051D5D6 /* Calculations */ = {
			isa = PBXGroup;
			children = (
				E7FFD7F42CFE50A20051D5D6 /* Matrix.h */,
				E7AE9A362D161F7B0015523D /* Matrix.mm */,
				E7FFD7F52CFE50A20051D5D6 /* MatrixCache.h */,
				E7AE99872D12F87C0015523D /* Triangulation.h */,
				E7AE9A312D16193E0015523D /* Triangulation.mm */,
			);
			path = Calculations;
			sourceTree = "<group>";
		};
		E7FFD8152CFE50F10051D5D6 /* Device */ = {
			isa = PBXGroup;
			children = (
				E7FFD8122CFE50F10051D5D6 /* MetalDeviceCache.h */,
				E7FFD8132CFE50F10051D5D6 /* MetalDeviceCache.mm */,
				E7FFD8142CFE50F10051D5D6 /* PipelineTypes.h */,
			);
			path = Device;
			sourceTree = "<group>";
		};
/* End PBXGroup section */

/* Begin PBXNativeTarget section */
		E7FFD79C2CFE4EFE0051D5D6 /* Wrapper Application */ = {
			isa = PBXNativeTarget;
			buildConfigurationList = E7FFD7E32CFE4EFE0051D5D6 /* Build configuration list for PBXNativeTarget "Wrapper Application" */;
			buildPhases = (
				E7FFD7992CFE4EFE0051D5D6 /* Sources */,
				E7FFD79A2CFE4EFE0051D5D6 /* Frameworks */,
				E7FFD79B2CFE4EFE0051D5D6 /* Resources */,
				E7FFD7E22CFE4EFE0051D5D6 /* Embed PlugIns */,
			);
			buildRules = (
			);
			dependencies = (
				E7FFD7AB2CFE4EFE0051D5D6 /* PBXTargetDependency */,
				E7FFD7B72CFE4EFE0051D5D6 /* PBXTargetDependency */,
			);
			name = "Wrapper Application";
			productName = "Wrapper Application";
			productReference = E7FFD79D2CFE4EFE0051D5D6 /* FxDiplomaThesis.app */;
			productType = "com.apple.product-type.application";
		};
		E7FFD7A72CFE4EFE0051D5D6 /* XPC Service */ = {
			isa = PBXNativeTarget;
			buildConfigurationList = E7FFD7DF2CFE4EFE0051D5D6 /* Build configuration list for PBXNativeTarget "XPC Service" */;
			buildPhases = (
				E7FFD7A22CFE4EFE0051D5D6 /* Sources */,
				E7FFD7A32CFE4EFE0051D5D6 /* Frameworks */,
				E7FFD7A42CFE4EFE0051D5D6 /* Resources */,
				E7FFD7A52CFE4EFE0051D5D6 /* Copy and Code Sign FxPlug.framework */,
				E7FFD7A62CFE4EFE0051D5D6 /* Copy and Code Sign PluginManager.framework */,
			);
			buildRules = (
			);
			dependencies = (
			);
			name = "XPC Service";
			productName = "XPC Service";
			productReference = E7FFD7A82CFE4EFE0051D5D6 /* FxDiplomaThesis XPC Service.pluginkit */;
			productType = "com.apple.product-type.bundle";
		};
/* End PBXNativeTarget section */

/* Begin PBXProject section */
		E7FFD7952CFE4EFE0051D5D6 /* Project object */ = {
			isa = PBXProject;
			attributes = {
				BuildIndependentTargetsInParallel = 1;
				LastUpgradeCheck = 1540;
				TargetAttributes = {
					E7FFD79C2CFE4EFE0051D5D6 = {
						CreatedOnToolsVersion = 15.4;
					};
					E7FFD7A72CFE4EFE0051D5D6 = {
						CreatedOnToolsVersion = 15.4;
					};
				};
			};
			buildConfigurationList = E7FFD7982CFE4EFE0051D5D6 /* Build configuration list for PBXProject "FxDiplomaThesis" */;
			compatibilityVersion = "Xcode 14.0";
			developmentRegion = en;
			hasScannedForEncodings = 0;
			knownRegions = (
				en,
				Base,
			);
			mainGroup = E7FFD7942CFE4EFE0051D5D6;
			productRefGroup = E7FFD79E2CFE4EFE0051D5D6 /* Products */;
			projectDirPath = "";
			projectRoot = "";
			targets = (
				E7FFD79C2CFE4EFE0051D5D6 /* Wrapper Application */,
				E7FFD7A72CFE4EFE0051D5D6 /* XPC Service */,
			);
		};
/* End PBXProject section */

/* Begin PBXResourcesBuildPhase section */
		E7FFD79B2CFE4EFE0051D5D6 /* Resources */ = {
			isa = PBXResourcesBuildPhase;
			buildActionMask = 2147483647;
			files = (
				E7AE9A262D1614080015523D /* VertexShaders.metal in Resources */,
				E7AE9A272D1614080015523D /* BasicShader.metal in Resources */,
				E7AE9A282D1614080015523D /* BlurShader.metal in Resources */,
				E7AE9A292D1614080015523D /* DefaultShader.metal in Resources */,
				E7AE9A2A2D1614080015523D /* EchoShader.metal in Resources */,
				E7AE9A2C2D1614080015523D /* FishEyeShader.metal in Resources */,
				E7AE9A2D2D1614080015523D /* LensFlareShader.metal in Resources */,
				E7AE9A2E2D1614080015523D /* OilPaintingShader.metal in Resources */,
				E7AE9A2F2D1614080015523D /* PixelationShader.metal in Resources */,
				E7AE9A302D1614080015523D /* OSCShader.metal in Resources */,
				E7FFD7C72CFE4EFE0051D5D6 /* en in Resources */,
				E7FFD7CF2CFE4EFE0051D5D6 /* en in Resources */,
				E7FFD7CC2CFE4EFE0051D5D6 /* Base in Resources */,
			);
			runOnlyForDeploymentPostprocessing = 0;
		};
		E7FFD7A42CFE4EFE0051D5D6 /* Resources */ = {
			isa = PBXResourcesBuildPhase;
			buildActionMask = 2147483647;
			files = (
				E7FFD7D92CFE4EFE0051D5D6 /* en in Resources */,
				E7FFD7DC2CFE4EFE0051D5D6 /* en in Resources */,
			);
			runOnlyForDeploymentPostprocessing = 0;
		};
/* End PBXResourcesBuildPhase section */

/* Begin PBXShellScriptBuildPhase section */
		E7FFD7A52CFE4EFE0051D5D6 /* Copy and Code Sign FxPlug.framework */ = {
			isa = PBXShellScriptBuildPhase;
			buildActionMask = 2147483647;
			files = (
			);
			inputFileListPaths = (
			);
			inputPaths = (
			);
			name = "Copy and Code Sign FxPlug.framework";
			outputFileListPaths = (
			);
			outputPaths = (
			);
			runOnlyForDeploymentPostprocessing = 0;
			shellPath = /bin/sh;
			shellScript = "mkdir -p \"${TARGET_BUILD_DIR}/${FRAMEWORKS_FOLDER_PATH}\"\nrsync --archive --links --whole-file --no-owner --no-group --checksum --exclude='Headers' \"/Library/Developer/Frameworks/FxPlug.framework/\" \"${TARGET_BUILD_DIR}/${FRAMEWORKS_FOLDER_PATH}/FxPlug.framework/\"\nif [ \"$?\" -ne 0 ]; then echo \"error: rsync failed; couldn't embed FxPlug.framework\"; exit 1; fi\ncodesign --force --timestamp --options runtime --sign \"${CODE_SIGN_IDENTITY}\" \"${BUILT_PRODUCTS_DIR}/${FRAMEWORKS_FOLDER_PATH}/FxPlug.framework\"";
			showEnvVarsInLog = 0;
		};
		E7FFD7A62CFE4EFE0051D5D6 /* Copy and Code Sign PluginManager.framework */ = {
			isa = PBXShellScriptBuildPhase;
			buildActionMask = 2147483647;
			files = (
			);
			inputFileListPaths = (
			);
			inputPaths = (
			);
			name = "Copy and Code Sign PluginManager.framework";
			outputFileListPaths = (
			);
			outputPaths = (
			);
			runOnlyForDeploymentPostprocessing = 0;
			shellPath = /bin/sh;
			shellScript = "mkdir -p \"${TARGET_BUILD_DIR}/${FRAMEWORKS_FOLDER_PATH}\"\nrsync --archive --links --whole-file --no-owner --no-group --checksum --exclude='Headers' \"/Library/Developer/Frameworks/PluginManager.framework/\" \"${TARGET_BUILD_DIR}/${FRAMEWORKS_FOLDER_PATH}/PluginManager.framework/\"\nif [ \"$?\" -ne 0 ]; then echo \"error: rsync failed; couldn't embed PluginManager.framework\"; exit 1; fi\ncodesign --force --timestamp --options runtime --sign \"${CODE_SIGN_IDENTITY}\" \"${BUILT_PRODUCTS_DIR}/${FRAMEWORKS_FOLDER_PATH}/PluginManager.framework\"\n";
			showEnvVarsInLog = 0;
		};
/* End PBXShellScriptBuildPhase section */

/* Begin PBXSourcesBuildPhase section */
		E7FFD7992CFE4EFE0051D5D6 /* Sources */ = {
			isa = PBXSourcesBuildPhase;
			buildActionMask = 2147483647;
			files = (
				E7FFD7C02CFE4EFE0051D5D6 /* main.m in Sources */,
				E7AE9A3D2D1622B70015523D /* ParameterManager.mm in Sources */,
				E7FFD7BC2CFE4EFE0051D5D6 /* AppDelegate.m in Sources */,
				E7AE9A372D161F7B0015523D /* Matrix.mm in Sources */,
			);
			runOnlyForDeploymentPostprocessing = 0;
		};
		E7FFD7A22CFE4EFE0051D5D6 /* Sources */ = {
			isa = PBXSourcesBuildPhase;
			buildActionMask = 2147483647;
			files = (
				E7AE9A432D163C690015523D /* OSC.mm in Sources */,
				E7AE9A3E2D1622C90015523D /* ParameterManager.mm in Sources */,
				E7AE9A382D161F9C0015523D /* Matrix.mm in Sources */,
				E7AE9A352D161A210015523D /* Triangulation.mm in Sources */,
				E7FFD8332CFE524F0051D5D6 /* MetalDeviceCache.mm in Sources */,
				E7FFD8272CFE52480051D5D6 /* VertexShaders.metal in Sources */,
				E7FFD8282CFE52480051D5D6 /* BasicShader.metal in Sources */,
				E7FFD8292CFE52480051D5D6 /* BlurShader.metal in Sources */,
				E7FFD82A2CFE52480051D5D6 /* DefaultShader.metal in Sources */,
				E7FFD82B2CFE52480051D5D6 /* EchoShader.metal in Sources */,
				E7F291372D0C5E3D00D9FBF2 /* OSCShader.metal in Sources */,
				E7FFD82D2CFE52480051D5D6 /* FishEyeShader.metal in Sources */,
				E7FFD82F2CFE52480051D5D6 /* LensFlareShader.metal in Sources */,
				E7FFD8302CFE52480051D5D6 /* OilPaintingShader.metal in Sources */,
				E7FFD8322CFE52480051D5D6 /* PixelationShader.metal in Sources */,
				E7FFD7D52CFE4EFE0051D5D6 /* main.m in Sources */,
				E7FFD7C22CFE4EFE0051D5D6 /* FxDiplomaThesisPlugIn.m in Sources */,
			);
			runOnlyForDeploymentPostprocessing = 0;
		};
/* End PBXSourcesBuildPhase section */

/* Begin PBXTargetDependency section */
		E7FFD7AB2CFE4EFE0051D5D6 /* PBXTargetDependency */ = {
			isa = PBXTargetDependency;
			target = E7FFD7A72CFE4EFE0051D5D6 /* XPC Service */;
			targetProxy = E7FFD7AA2CFE4EFE0051D5D6 /* PBXContainerItemProxy */;
		};
		E7FFD7B72CFE4EFE0051D5D6 /* PBXTargetDependency */ = {
			isa = PBXTargetDependency;
			target = E7FFD7A72CFE4EFE0051D5D6 /* XPC Service */;
			targetProxy = E7FFD7B62CFE4EFE0051D5D6 /* PBXContainerItemProxy */;
		};
/* End PBXTargetDependency section */

/* Begin PBXVariantGroup section */
		E7FFD7C52CFE4EFE0051D5D6 /* InfoPlist.strings */ = {
			isa = PBXVariantGroup;
			children = (
				E7FFD7C62CFE4EFE0051D5D6 /* en */,
			);
			name = InfoPlist.strings;
			sourceTree = "<group>";
		};
		E7FFD7CA2CFE4EFE0051D5D6 /* MainMenu.xib */ = {
			isa = PBXVariantGroup;
			children = (
				E7FFD7CB2CFE4EFE0051D5D6 /* Base */,
			);
			name = MainMenu.xib;
			sourceTree = "<group>";
		};
		E7FFD7CD2CFE4EFE0051D5D6 /* Credits.rtf */ = {
			isa = PBXVariantGroup;
			children = (
				E7FFD7CE2CFE4EFE0051D5D6 /* en */,
			);
			name = Credits.rtf;
			sourceTree = "<group>";
		};
		E7FFD7D72CFE4EFE0051D5D6 /* InfoPlist.strings */ = {
			isa = PBXVariantGroup;
			children = (
				E7FFD7D82CFE4EFE0051D5D6 /* en */,
			);
			name = InfoPlist.strings;
			sourceTree = "<group>";
		};
		E7FFD7DA2CFE4EFE0051D5D6 /* Localizable.strings */ = {
			isa = PBXVariantGroup;
			children = (
				E7FFD7DB2CFE4EFE0051D5D6 /* en */,
			);
			name = Localizable.strings;
			sourceTree = "<group>";
		};
/* End PBXVariantGroup section */

/* Begin XCBuildConfiguration section */
		E7FFD7DD2CFE4EFE0051D5D6 /* Debug */ = {
			isa = XCBuildConfiguration;
			buildSettings = {
				ADDITIONAL_SDKS = /Library/Developer/SDKs/FxPlug.sdk;
				ALWAYS_SEARCH_USER_PATHS = NO;
				ASSETCATALOG_COMPILER_GENERATE_SWIFT_ASSET_SYMBOL_EXTENSIONS = YES;
				CLANG_ANALYZER_NONNULL = YES;
				CLANG_ANALYZER_NUMBER_OBJECT_CONVERSION = YES_AGGRESSIVE;
				CLANG_CXX_LANGUAGE_STANDARD = "gnu++20";
				CLANG_ENABLE_MODULES = YES;
				CLANG_ENABLE_OBJC_ARC = NO;
				CLANG_ENABLE_OBJC_WEAK = YES;
				CLANG_WARN_BLOCK_CAPTURE_AUTORELEASING = YES;
				CLANG_WARN_BOOL_CONVERSION = YES;
				CLANG_WARN_COMMA = YES;
				CLANG_WARN_CONSTANT_CONVERSION = YES;
				CLANG_WARN_DEPRECATED_OBJC_IMPLEMENTATIONS = YES;
				CLANG_WARN_DIRECT_OBJC_ISA_USAGE = YES_ERROR;
				CLANG_WARN_DOCUMENTATION_COMMENTS = YES;
				CLANG_WARN_EMPTY_BODY = YES;
				CLANG_WARN_ENUM_CONVERSION = YES;
				CLANG_WARN_INFINITE_RECURSION = YES;
				CLANG_WARN_INT_CONVERSION = YES;
				CLANG_WARN_NON_LITERAL_NULL_CONVERSION = YES;
				CLANG_WARN_OBJC_IMPLICIT_RETAIN_SELF = YES;
				CLANG_WARN_OBJC_LITERAL_CONVERSION = YES;
				CLANG_WARN_OBJC_ROOT_CLASS = YES_ERROR;
				CLANG_WARN_QUOTED_INCLUDE_IN_FRAMEWORK_HEADER = YES;
				CLANG_WARN_RANGE_LOOP_ANALYSIS = YES;
				CLANG_WARN_STRICT_PROTOTYPES = YES;
				CLANG_WARN_SUSPICIOUS_MOVE = YES;
				CLANG_WARN_UNGUARDED_AVAILABILITY = YES_AGGRESSIVE;
				CLANG_WARN_UNREACHABLE_CODE = YES;
				CLANG_WARN__DUPLICATE_METHOD_MATCH = YES;
				COPY_PHASE_STRIP = NO;
				DEBUG_INFORMATION_FORMAT = dwarf;
				ENABLE_STRICT_OBJC_MSGSEND = YES;
				ENABLE_TESTABILITY = YES;
				ENABLE_USER_SCRIPT_SANDBOXING = YES;
				FRAMEWORK_SEARCH_PATHS = (
					/Library/Frameworks,
					"$(inherited)",
				);
				GCC_C_LANGUAGE_STANDARD = gnu17;
				GCC_DYNAMIC_NO_PIC = NO;
				GCC_ENABLE_OBJC_EXCEPTIONS = YES;
				GCC_NO_COMMON_BLOCKS = YES;
				GCC_OPTIMIZATION_LEVEL = 0;
				GCC_PREPROCESSOR_DEFINITIONS = (
					"DEBUG=1",
					"$(inherited)",
				);
				GCC_WARN_64_TO_32_BIT_CONVERSION = YES;
				GCC_WARN_ABOUT_RETURN_TYPE = YES_ERROR;
				GCC_WARN_UNDECLARED_SELECTOR = YES;
				GCC_WARN_UNINITIALIZED_AUTOS = YES_AGGRESSIVE;
				GCC_WARN_UNUSED_FUNCTION = YES;
				GCC_WARN_UNUSED_VARIABLE = YES;
				LOCALIZATION_PREFERS_STRING_CATALOGS = YES;
				MACOSX_DEPLOYMENT_TARGET = 14.4;
				MTL_ENABLE_DEBUG_INFO = INCLUDE_SOURCE;
				MTL_FAST_MATH = YES;
				ONLY_ACTIVE_ARCH = YES;
				SDKROOT = macosx;
				SWIFT_VERSION = 5;
			};
			name = Debug;
		};
		E7FFD7DE2CFE4EFE0051D5D6 /* Release */ = {
			isa = XCBuildConfiguration;
			buildSettings = {
				ADDITIONAL_SDKS = /Library/Developer/SDKs/FxPlug.sdk;
				ALWAYS_SEARCH_USER_PATHS = NO;
				ASSETCATALOG_COMPILER_GENERATE_SWIFT_ASSET_SYMBOL_EXTENSIONS = YES;
				CLANG_ANALYZER_NONNULL = YES;
				CLANG_ANALYZER_NUMBER_OBJECT_CONVERSION = YES_AGGRESSIVE;
				CLANG_CXX_LANGUAGE_STANDARD = "gnu++20";
				CLANG_ENABLE_MODULES = YES;
				CLANG_ENABLE_OBJC_ARC = NO;
				CLANG_ENABLE_OBJC_WEAK = YES;
				CLANG_WARN_BLOCK_CAPTURE_AUTORELEASING = YES;
				CLANG_WARN_BOOL_CONVERSION = YES;
				CLANG_WARN_COMMA = YES;
				CLANG_WARN_CONSTANT_CONVERSION = YES;
				CLANG_WARN_DEPRECATED_OBJC_IMPLEMENTATIONS = YES;
				CLANG_WARN_DIRECT_OBJC_ISA_USAGE = YES_ERROR;
				CLANG_WARN_DOCUMENTATION_COMMENTS = YES;
				CLANG_WARN_EMPTY_BODY = YES;
				CLANG_WARN_ENUM_CONVERSION = YES;
				CLANG_WARN_INFINITE_RECURSION = YES;
				CLANG_WARN_INT_CONVERSION = YES;
				CLANG_WARN_NON_LITERAL_NULL_CONVERSION = YES;
				CLANG_WARN_OBJC_IMPLICIT_RETAIN_SELF = YES;
				CLANG_WARN_OBJC_LITERAL_CONVERSION = YES;
				CLANG_WARN_OBJC_ROOT_CLASS = YES_ERROR;
				CLANG_WARN_QUOTED_INCLUDE_IN_FRAMEWORK_HEADER = YES;
				CLANG_WARN_RANGE_LOOP_ANALYSIS = YES;
				CLANG_WARN_STRICT_PROTOTYPES = YES;
				CLANG_WARN_SUSPICIOUS_MOVE = YES;
				CLANG_WARN_UNGUARDED_AVAILABILITY = YES_AGGRESSIVE;
				CLANG_WARN_UNREACHABLE_CODE = YES;
				CLANG_WARN__DUPLICATE_METHOD_MATCH = YES;
				COPY_PHASE_STRIP = NO;
				DEBUG_INFORMATION_FORMAT = "dwarf-with-dsym";
				ENABLE_NS_ASSERTIONS = NO;
				ENABLE_STRICT_OBJC_MSGSEND = YES;
				ENABLE_USER_SCRIPT_SANDBOXING = YES;
				FRAMEWORK_SEARCH_PATHS = (
					/Library/Frameworks,
					"$(inherited)",
				);
				GCC_C_LANGUAGE_STANDARD = gnu17;
				GCC_ENABLE_OBJC_EXCEPTIONS = YES;
				GCC_NO_COMMON_BLOCKS = YES;
				GCC_WARN_64_TO_32_BIT_CONVERSION = YES;
				GCC_WARN_ABOUT_RETURN_TYPE = YES_ERROR;
				GCC_WARN_UNDECLARED_SELECTOR = YES;
				GCC_WARN_UNINITIALIZED_AUTOS = YES_AGGRESSIVE;
				GCC_WARN_UNUSED_FUNCTION = YES;
				GCC_WARN_UNUSED_VARIABLE = YES;
				LOCALIZATION_PREFERS_STRING_CATALOGS = YES;
				MACOSX_DEPLOYMENT_TARGET = 14.4;
				MTL_ENABLE_DEBUG_INFO = NO;
				MTL_FAST_MATH = YES;
				ONLY_ACTIVE_ARCH = YES;
				SDKROOT = macosx;
				SWIFT_VERSION = 5;
			};
			name = Release;
		};
		E7FFD7E02CFE4EFE0051D5D6 /* Debug */ = {
			isa = XCBuildConfiguration;
			buildSettings = {
				CODE_SIGN_STYLE = Automatic;
				DEVELOPMENT_TEAM = GQ59QL5AH8;
				ENABLE_USER_SCRIPT_SANDBOXING = NO;
				GCC_PRECOMPILE_PREFIX_HEADER = YES;
				INFOPLIST_FILE = FxDiplomaThesis/Plugin/Info.plist;
				LD_RUNPATH_SEARCH_PATHS = (
					"$(inherited)",
					"@loader_path/../Frameworks",
				);
				MACH_O_TYPE = mh_execute;
				PRODUCT_BUNDLE_IDENTIFIER = "$(PRODUCT_NAME:rfc1034identifier)";
				PRODUCT_NAME = "FxDiplomaThesis $(TARGET_NAME)";
				SWIFT_OBJC_BRIDGING_HEADER = "FxDiplomaThesis/Plugin/XPC Service-Bridging-Header.h";
				WRAPPER_EXTENSION = pluginkit;
			};
			name = Debug;
		};
		E7FFD7E12CFE4EFE0051D5D6 /* Release */ = {
			isa = XCBuildConfiguration;
			buildSettings = {
				CODE_SIGN_STYLE = Automatic;
				DEVELOPMENT_TEAM = GQ59QL5AH8;
				ENABLE_USER_SCRIPT_SANDBOXING = NO;
				GCC_PRECOMPILE_PREFIX_HEADER = YES;
				INFOPLIST_FILE = FxDiplomaThesis/Plugin/Info.plist;
				LD_RUNPATH_SEARCH_PATHS = (
					"$(inherited)",
					"@loader_path/../Frameworks",
				);
				MACH_O_TYPE = mh_execute;
				PRODUCT_BUNDLE_IDENTIFIER = "$(PRODUCT_NAME:rfc1034identifier)";
				PRODUCT_NAME = "FxDiplomaThesis $(TARGET_NAME)";
				SWIFT_OBJC_BRIDGING_HEADER = "FxDiplomaThesis/Plugin/XPC Service-Bridging-Header.h";
				WRAPPER_EXTENSION = pluginkit;
			};
			name = Release;
		};
		E7FFD7E42CFE4EFE0051D5D6 /* Debug */ = {
			isa = XCBuildConfiguration;
			buildSettings = {
				CODE_SIGN_ENTITLEMENTS = "FxDiplomaThesis/Wrapper Application/SandboxEntitlements.entitlements";
				CODE_SIGN_STYLE = Automatic;
				DEVELOPMENT_TEAM = GQ59QL5AH8;
				ENABLE_HARDENED_RUNTIME = YES;
				GCC_PRECOMPILE_PREFIX_HEADER = YES;
				INFOPLIST_FILE = "FxDiplomaThesis/Wrapper Application/Info.plist";
				PRODUCT_BUNDLE_IDENTIFIER = "$(PRODUCT_NAME:rfc1034identifier)";
				PRODUCT_NAME = FxDiplomaThesis;
				SWIFT_OBJC_BRIDGING_HEADER = "FxDiplomaThesis/Wrapper Application/Wrapper Application-Bridging-Header.h";
			};
			name = Debug;
		};
		E7FFD7E52CFE4EFE0051D5D6 /* Release */ = {
			isa = XCBuildConfiguration;
			buildSettings = {
				CODE_SIGN_ENTITLEMENTS = "FxDiplomaThesis/Wrapper Application/SandboxEntitlements.entitlements";
				CODE_SIGN_STYLE = Automatic;
				DEVELOPMENT_TEAM = GQ59QL5AH8;
				ENABLE_HARDENED_RUNTIME = YES;
				GCC_PRECOMPILE_PREFIX_HEADER = YES;
				INFOPLIST_FILE = "FxDiplomaThesis/Wrapper Application/Info.plist";
				PRODUCT_BUNDLE_IDENTIFIER = "$(PRODUCT_NAME:rfc1034identifier)";
				PRODUCT_NAME = FxDiplomaThesis;
				SWIFT_OBJC_BRIDGING_HEADER = "FxDiplomaThesis/Wrapper Application/Wrapper Application-Bridging-Header.h";
			};
			name = Release;
		};
/* End XCBuildConfiguration section */

/* Begin XCConfigurationList section */
		E7FFD7982CFE4EFE0051D5D6 /* Build configuration list for PBXProject "FxDiplomaThesis" */ = {
			isa = XCConfigurationList;
			buildConfigurations = (
				E7FFD7DD2CFE4EFE0051D5D6 /* Debug */,
				E7FFD7DE2CFE4EFE0051D5D6 /* Release */,
			);
			defaultConfigurationIsVisible = 0;
			defaultConfigurationName = Release;
		};
		E7FFD7DF2CFE4EFE0051D5D6 /* Build configuration list for PBXNativeTarget "XPC Service" */ = {
			isa = XCConfigurationList;
			buildConfigurations = (
				E7FFD7E02CFE4EFE0051D5D6 /* Debug */,
				E7FFD7E12CFE4EFE0051D5D6 /* Release */,
			);
			defaultConfigurationIsVisible = 0;
			defaultConfigurationName = Release;
		};
		E7FFD7E32CFE4EFE0051D5D6 /* Build configuration list for PBXNativeTarget "Wrapper Application" */ = {
			isa = XCConfigurationList;
			buildConfigurations = (
				E7FFD7E42CFE4EFE0051D5D6 /* Debug */,
				E7FFD7E52CFE4EFE0051D5D6 /* Release */,
			);
			defaultConfigurationIsVisible = 0;
			defaultConfigurationName = Release;
		};
/* End XCConfigurationList section */
	};
	rootObject = E7FFD7952CFE4EFE0051D5D6 /* Project object */;
}
